
Microsoft Visual Studio Solution File, Format Version 12.00
# Visual Studio Version 17
VisualStudioVersion = 17.8.34330.188
MinimumVisualStudioVersion = 10.0.40219.1
Project("{FAE04EC0-301F-11D3-BF4B-00C04F79EFBC}") = "Identity", "Identity\Identity.csproj", "{28D9116A-343B-41BF-9AA1-EBEC0B3D340D}"
EndProject
Global
	GlobalSection(SolutionConfigurationPlatforms) = preSolution
		Debug|Any CPU = Debug|Any CPU
		Release|Any CPU = Release|Any CPU
	EndGlobalSection
	GlobalSection(ProjectConfigurationPlatforms) = postSolution
		{28D9116A-343B-41BF-9AA1-EBEC0B3D340D}.Debug|Any CPU.ActiveCfg = Debug|Any CPU
		{28D9116A-343B-41BF-9AA1-EBEC0B3D340D}.Debug|Any CPU.Build.0 = Debug|Any CPU
		{28D9116A-343B-41BF-9AA1-EBEC0B3D340D}.Release|Any CPU.ActiveCfg = Release|Any CPU
		{28D9116A-343B-41BF-9AA1-EBEC0B3D340D}.Release|Any CPU.Build.0 = Release|Any CPU
	EndGlobalSection
	GlobalSection(SolutionProperties) = preSolution
		HideSolutionNode = FALSE
	EndGlobalSection
	GlobalSection(ExtensibilityGlobals) = postSolution
		SolutionGuid = {1C91DB42-75D5-405F-B4AB-4D760C4D376F}
	EndGlobalSection
EndGlobal
